
Microsoft Visual Studio Solution File, Format Version 12.00
# Visual Studio Version 17
VisualStudioVersion = 17.0.31919.166
MinimumVisualStudioVersion = 10.0.40219.1
Project("{9A19103F-16F7-4668-BE54-9A1E7A4F7556}") = "Whatsapp-bot", "WebAPI\Whatsapp-bot.csproj", "{AD93FA4D-0E0F-42B8-9510-EEFAD8BCC4FA}"
EndProject
Project("{9A19103F-16F7-4668-BE54-9A1E7A4F7556}") = "Tests", "Tests\Tests.csproj", "{4D85C25A-4395-4617-95BB-6473E6822881}"
EndProject
Global
	GlobalSection(SolutionConfigurationPlatforms) = preSolution
		Debug|Any CPU = Debug|Any CPU
		Release|Any CPU = Release|Any CPU
	EndGlobalSection
	GlobalSection(ProjectConfigurationPlatforms) = postSolution
		{AD93FA4D-0E0F-42B8-9510-EEFAD8BCC4FA}.Debug|Any CPU.ActiveCfg = Debug|Any CPU
		{AD93FA4D-0E0F-42B8-9510-EEFAD8BCC4FA}.Debug|Any CPU.Build.0 = Debug|Any CPU
		{AD93FA4D-0E0F-42B8-9510-EEFAD8BCC4FA}.Release|Any CPU.ActiveCfg = Release|Any CPU
		{AD93FA4D-0E0F-42B8-9510-EEFAD8BCC4FA}.Release|Any CPU.Build.0 = Release|Any CPU
		{4D85C25A-4395-4617-95BB-6473E6822881}.Debug|Any CPU.ActiveCfg = Debug|Any CPU
		{4D85C25A-4395-4617-95BB-6473E6822881}.Debug|Any CPU.Build.0 = Debug|Any CPU
		{4D85C25A-4395-4617-95BB-6473E6822881}.Release|Any CPU.ActiveCfg = Release|Any CPU
		{4D85C25A-4395-4617-95BB-6473E6822881}.Release|Any CPU.Build.0 = Release|Any CPU
	EndGlobalSection
	GlobalSection(SolutionProperties) = preSolution
		HideSolutionNode = FALSE
	EndGlobalSection
	GlobalSection(ExtensibilityGlobals) = postSolution
		SolutionGuid = {7425BF6B-E0CC-4BE7-9C39-A90B77F420E5}
	EndGlobalSection
EndGlobal
